
Microsoft Visual Studio Solution File, Format Version 12.00
# Visual Studio Version 17
VisualStudioVersion = 17.5.002.0
MinimumVisualStudioVersion = 10.0.40219.1
Project("{9A19103F-16F7-4668-BE54-9A1E7A4F7556}") = "FINAL", "FINAL.csproj", "{A9D64AA5-F1D3-4FD0-8B52-10C1934097B3}"
EndProject
Global
	GlobalSection(SolutionConfigurationPlatforms) = preSolution
		Debug|Any CPU = Debug|Any CPU
		Release|Any CPU = Release|Any CPU
	EndGlobalSection
	GlobalSection(ProjectConfigurationPlatforms) = postSolution
		{A9D64AA5-F1D3-4FD0-8B52-10C1934097B3}.Debug|Any CPU.ActiveCfg = Debug|Any CPU
		{A9D64AA5-F1D3-4FD0-8B52-10C1934097B3}.Debug|Any CPU.Build.0 = Debug|Any CPU
		{A9D64AA5-F1D3-4FD0-8B52-10C1934097B3}.Release|Any CPU.ActiveCfg = Release|Any CPU
		{A9D64AA5-F1D3-4FD0-8B52-10C1934097B3}.Release|Any CPU.Build.0 = Release|Any CPU
	EndGlobalSection
	GlobalSection(SolutionProperties) = preSolution
		HideSolutionNode = FALSE
	EndGlobalSection
	GlobalSection(ExtensibilityGlobals) = postSolution
		SolutionGuid = {D5515249-1D91-4B05-BFB1-0FE20631908A}
	EndGlobalSection
EndGlobal
